
Microsoft Visual Studio Solution File, Format Version 12.00
# Visual Studio Version 16
VisualStudioVersion = 16.0.31321.278
MinimumVisualStudioVersion = 10.0.40219.1
Project("{9A19103F-16F7-4668-BE54-9A1E7A4F7556}") = "Products", "Products.csproj", "{5E723DF3-E86F-4A77-BF4C-B3A58EBDCB79}"
EndProject
Project("{9A19103F-16F7-4668-BE54-9A1E7A4F7556}") = "Entities", "..\Entities\Entities.csproj", "{DA5E7CF2-CF51-4307-BE88-E9628A6F874B}"
EndProject
Project("{9A19103F-16F7-4668-BE54-9A1E7A4F7556}") = "Contracts", "..\Contracts\Contracts.csproj", "{88B0637C-D63D-4990-8414-EC8DFEAA863F}"
EndProject
Project("{9A19103F-16F7-4668-BE54-9A1E7A4F7556}") = "Repository", "..\Repository\Repository.csproj", "{C9FC4E8F-6193-48B3-998A-A53652679135}"
EndProject
Project("{9A19103F-16F7-4668-BE54-9A1E7A4F7556}") = "CurrencyApiConnections", "..\CurrencyConverter\CurrencyApiConnections.csproj", "{2CBBFD35-BC52-4493-AFE7-FBF5FC97E2CC}"
EndProject
Project("{9A19103F-16F7-4668-BE54-9A1E7A4F7556}") = "CrossCuttingLayer", "..\..\CrossCuttingLayer\CrossCuttingLayer.csproj", "{8D0FA37E-003A-4D7E-840F-78C24A78C46E}"
EndProject
Project("{9A19103F-16F7-4668-BE54-9A1E7A4F7556}") = "UnitTests", "..\UnitTest\UnitTests.csproj", "{420F4E30-DD4F-44F3-A5AE-00630B51D069}"
EndProject
Project("{FAE04EC0-301F-11D3-BF4B-00C04F79EFBC}") = "IntegrationTests", "..\IntegrationTests\IntegrationTests.csproj", "{3E8F76FC-1D28-4651-A5DF-55D1A7BA1FCC}"
EndProject
Global
	GlobalSection(SolutionConfigurationPlatforms) = preSolution
		Debug|Any CPU = Debug|Any CPU
		Release|Any CPU = Release|Any CPU
	EndGlobalSection
	GlobalSection(ProjectConfigurationPlatforms) = postSolution
		{5E723DF3-E86F-4A77-BF4C-B3A58EBDCB79}.Debug|Any CPU.ActiveCfg = Debug|Any CPU
		{5E723DF3-E86F-4A77-BF4C-B3A58EBDCB79}.Debug|Any CPU.Build.0 = Debug|Any CPU
		{5E723DF3-E86F-4A77-BF4C-B3A58EBDCB79}.Release|Any CPU.ActiveCfg = Release|Any CPU
		{5E723DF3-E86F-4A77-BF4C-B3A58EBDCB79}.Release|Any CPU.Build.0 = Release|Any CPU
		{DA5E7CF2-CF51-4307-BE88-E9628A6F874B}.Debug|Any CPU.ActiveCfg = Debug|Any CPU
		{DA5E7CF2-CF51-4307-BE88-E9628A6F874B}.Debug|Any CPU.Build.0 = Debug|Any CPU
		{DA5E7CF2-CF51-4307-BE88-E9628A6F874B}.Release|Any CPU.ActiveCfg = Release|Any CPU
		{DA5E7CF2-CF51-4307-BE88-E9628A6F874B}.Release|Any CPU.Build.0 = Release|Any CPU
		{88B0637C-D63D-4990-8414-EC8DFEAA863F}.Debug|Any CPU.ActiveCfg = Debug|Any CPU
		{88B0637C-D63D-4990-8414-EC8DFEAA863F}.Debug|Any CPU.Build.0 = Debug|Any CPU
		{88B0637C-D63D-4990-8414-EC8DFEAA863F}.Release|Any CPU.ActiveCfg = Release|Any CPU
		{88B0637C-D63D-4990-8414-EC8DFEAA863F}.Release|Any CPU.Build.0 = Release|Any CPU
		{C9FC4E8F-6193-48B3-998A-A53652679135}.Debug|Any CPU.ActiveCfg = Debug|Any CPU
		{C9FC4E8F-6193-48B3-998A-A53652679135}.Debug|Any CPU.Build.0 = Debug|Any CPU
		{C9FC4E8F-6193-48B3-998A-A53652679135}.Release|Any CPU.ActiveCfg = Release|Any CPU
		{C9FC4E8F-6193-48B3-998A-A53652679135}.Release|Any CPU.Build.0 = Release|Any CPU
		{2CBBFD35-BC52-4493-AFE7-FBF5FC97E2CC}.Debug|Any CPU.ActiveCfg = Debug|Any CPU
		{2CBBFD35-BC52-4493-AFE7-FBF5FC97E2CC}.Debug|Any CPU.Build.0 = Debug|Any CPU
		{2CBBFD35-BC52-4493-AFE7-FBF5FC97E2CC}.Release|Any CPU.ActiveCfg = Release|Any CPU
		{2CBBFD35-BC52-4493-AFE7-FBF5FC97E2CC}.Release|Any CPU.Build.0 = Release|Any CPU
		{8D0FA37E-003A-4D7E-840F-78C24A78C46E}.Debug|Any CPU.ActiveCfg = Debug|Any CPU
		{8D0FA37E-003A-4D7E-840F-78C24A78C46E}.Debug|Any CPU.Build.0 = Debug|Any CPU
		{8D0FA37E-003A-4D7E-840F-78C24A78C46E}.Release|Any CPU.ActiveCfg = Release|Any CPU
		{8D0FA37E-003A-4D7E-840F-78C24A78C46E}.Release|Any CPU.Build.0 = Release|Any CPU
		{420F4E30-DD4F-44F3-A5AE-00630B51D069}.Debug|Any CPU.ActiveCfg = Debug|Any CPU
		{420F4E30-DD4F-44F3-A5AE-00630B51D069}.Debug|Any CPU.Build.0 = Debug|Any CPU
		{420F4E30-DD4F-44F3-A5AE-00630B51D069}.Release|Any CPU.ActiveCfg = Release|Any CPU
		{420F4E30-DD4F-44F3-A5AE-00630B51D069}.Release|Any CPU.Build.0 = Release|Any CPU
		{3E8F76FC-1D28-4651-A5DF-55D1A7BA1FCC}.Debug|Any CPU.ActiveCfg = Debug|Any CPU
		{3E8F76FC-1D28-4651-A5DF-55D1A7BA1FCC}.Debug|Any CPU.Build.0 = Debug|Any CPU
		{3E8F76FC-1D28-4651-A5DF-55D1A7BA1FCC}.Release|Any CPU.ActiveCfg = Release|Any CPU
		{3E8F76FC-1D28-4651-A5DF-55D1A7BA1FCC}.Release|Any CPU.Build.0 = Release|Any CPU
	EndGlobalSection
	GlobalSection(SolutionProperties) = preSolution
		HideSolutionNode = FALSE
	EndGlobalSection
	GlobalSection(ExtensibilityGlobals) = postSolution
		SolutionGuid = {429BA303-E166-4074-8C1A-B5E647D19011}
	EndGlobalSection
EndGlobal
